
Microsoft Visual Studio Solution File, Format Version 12.00
# Visual Studio 15
VisualStudioVersion = 15.0.28010.2050
MinimumVisualStudioVersion = 10.0.40219.1
Project("{FAE04EC0-301F-11D3-BF4B-00C04F79EFBC}") = "CreateRepo", "CreateRepo\CreateRepo.csproj", "{932FEC61-BDC3-4224-B2A9-72C31D585647}"
EndProject
Global
	GlobalSection(SolutionConfigurationPlatforms) = preSolution
		Debug|Any CPU = Debug|Any CPU
		Release|Any CPU = Release|Any CPU
	EndGlobalSection
	GlobalSection(ProjectConfigurationPlatforms) = postSolution
		{932FEC61-BDC3-4224-B2A9-72C31D585647}.Debug|Any CPU.ActiveCfg = Debug|Any CPU
		{932FEC61-BDC3-4224-B2A9-72C31D585647}.Debug|Any CPU.Build.0 = Debug|Any CPU
		{932FEC61-BDC3-4224-B2A9-72C31D585647}.Release|Any CPU.ActiveCfg = Release|Any CPU
		{932FEC61-BDC3-4224-B2A9-72C31D585647}.Release|Any CPU.Build.0 = Release|Any CPU
	EndGlobalSection
	GlobalSection(SolutionProperties) = preSolution
		HideSolutionNode = FALSE
	EndGlobalSection
	GlobalSection(ExtensibilityGlobals) = postSolution
		SolutionGuid = {855E5A0B-44A1-4D21-9274-1D19BAA0EF35}
	EndGlobalSection
EndGlobal
